
Microsoft Visual Studio Solution File, Format Version 12.00
# Visual Studio Version 17
VisualStudioVersion = 17.9.34607.119
MinimumVisualStudioVersion = 10.0.40219.1
Project("{9A19103F-16F7-4668-BE54-9A1E7A4F7556}") = "Avalonia 4.3", "Avalonia 4.3\Avalonia 4.3.csproj", "{FF215F58-4F1F-455F-9AE2-34F1DE78E61B}"
EndProject
Project("{9A19103F-16F7-4668-BE54-9A1E7A4F7556}") = "Avalonia 4.3.Desktop", "Avalonia 4.3.Desktop\Avalonia 4.3.Desktop.csproj", "{C797ABB6-61ED-49D1-93EB-873F0235F002}"
EndProject
Global
	GlobalSection(SolutionConfigurationPlatforms) = preSolution
		Debug|Any CPU = Debug|Any CPU
		Release|Any CPU = Release|Any CPU
	EndGlobalSection
	GlobalSection(ProjectConfigurationPlatforms) = postSolution
		{FF215F58-4F1F-455F-9AE2-34F1DE78E61B}.Debug|Any CPU.ActiveCfg = Debug|Any CPU
		{FF215F58-4F1F-455F-9AE2-34F1DE78E61B}.Debug|Any CPU.Build.0 = Debug|Any CPU
		{FF215F58-4F1F-455F-9AE2-34F1DE78E61B}.Release|Any CPU.ActiveCfg = Release|Any CPU
		{FF215F58-4F1F-455F-9AE2-34F1DE78E61B}.Release|Any CPU.Build.0 = Release|Any CPU
		{C797ABB6-61ED-49D1-93EB-873F0235F002}.Debug|Any CPU.ActiveCfg = Debug|Any CPU
		{C797ABB6-61ED-49D1-93EB-873F0235F002}.Debug|Any CPU.Build.0 = Debug|Any CPU
		{C797ABB6-61ED-49D1-93EB-873F0235F002}.Release|Any CPU.ActiveCfg = Release|Any CPU
		{C797ABB6-61ED-49D1-93EB-873F0235F002}.Release|Any CPU.Build.0 = Release|Any CPU
	EndGlobalSection
	GlobalSection(SolutionProperties) = preSolution
		HideSolutionNode = FALSE
	EndGlobalSection
	GlobalSection(ExtensibilityGlobals) = postSolution
		SolutionGuid = {7D37065D-BFB3-4CFA-9BC8-CD60D80973F9}
	EndGlobalSection
EndGlobal
